
Microsoft Visual Studio Solution File, Format Version 12.00
# Visual Studio Version 17
VisualStudioVersion = 17.9.34728.123
MinimumVisualStudioVersion = 10.0.40219.1
Project("{FAE04EC0-301F-11D3-BF4B-00C04F79EFBC}") = "DataAccess", "DataAccess\DataAccess.csproj", "{41BCC33A-E2BA-40CE-8EDD-4BB9B9E25FA6}"
EndProject
Project("{FAE04EC0-301F-11D3-BF4B-00C04F79EFBC}") = "BussinessLogic", "BussinessLogic\BussinessLogic.csproj", "{01F1CD11-E33B-45A4-8AFB-6634FD157BFA}"
EndProject
Project("{FAE04EC0-301F-11D3-BF4B-00C04F79EFBC}") = "WEB_API", "WEB_API\WEB_API.csproj", "{DE89C24F-5177-4EA6-AADF-266DC3A0D019}"
EndProject
Global
	GlobalSection(SolutionConfigurationPlatforms) = preSolution
		Debug|Any CPU = Debug|Any CPU
		Release|Any CPU = Release|Any CPU
	EndGlobalSection
	GlobalSection(ProjectConfigurationPlatforms) = postSolution
		{41BCC33A-E2BA-40CE-8EDD-4BB9B9E25FA6}.Debug|Any CPU.ActiveCfg = Debug|Any CPU
		{41BCC33A-E2BA-40CE-8EDD-4BB9B9E25FA6}.Debug|Any CPU.Build.0 = Debug|Any CPU
		{41BCC33A-E2BA-40CE-8EDD-4BB9B9E25FA6}.Release|Any CPU.ActiveCfg = Release|Any CPU
		{41BCC33A-E2BA-40CE-8EDD-4BB9B9E25FA6}.Release|Any CPU.Build.0 = Release|Any CPU
		{01F1CD11-E33B-45A4-8AFB-6634FD157BFA}.Debug|Any CPU.ActiveCfg = Debug|Any CPU
		{01F1CD11-E33B-45A4-8AFB-6634FD157BFA}.Debug|Any CPU.Build.0 = Debug|Any CPU
		{01F1CD11-E33B-45A4-8AFB-6634FD157BFA}.Release|Any CPU.ActiveCfg = Release|Any CPU
		{01F1CD11-E33B-45A4-8AFB-6634FD157BFA}.Release|Any CPU.Build.0 = Release|Any CPU
		{DE89C24F-5177-4EA6-AADF-266DC3A0D019}.Debug|Any CPU.ActiveCfg = Debug|Any CPU
		{DE89C24F-5177-4EA6-AADF-266DC3A0D019}.Debug|Any CPU.Build.0 = Debug|Any CPU
		{DE89C24F-5177-4EA6-AADF-266DC3A0D019}.Release|Any CPU.ActiveCfg = Release|Any CPU
		{DE89C24F-5177-4EA6-AADF-266DC3A0D019}.Release|Any CPU.Build.0 = Release|Any CPU
	EndGlobalSection
	GlobalSection(SolutionProperties) = preSolution
		HideSolutionNode = FALSE
	EndGlobalSection
	GlobalSection(ExtensibilityGlobals) = postSolution
		SolutionGuid = {0CE632B0-3E52-4A41-B864-76372477C80E}
	EndGlobalSection
EndGlobal
